
Microsoft Visual Studio Solution File, Format Version 12.00
# Visual Studio Version 17
VisualStudioVersion = 17.5.33530.505
MinimumVisualStudioVersion = 10.0.40219.1
Project("{FAE04EC0-301F-11D3-BF4B-00C04F79EFBC}") = "DipendencyInjectionExample", "DipendencyInjectionExample\DipendencyInjectionExample.csproj", "{D8787B52-1BC5-4696-B479-9826E4E527F0}"
EndProject
Project("{FAE04EC0-301F-11D3-BF4B-00C04F79EFBC}") = "Services", "Services\Services.csproj", "{0F52B576-2EBE-482A-B699-DCB8151F269A}"
EndProject
Project("{FAE04EC0-301F-11D3-BF4B-00C04F79EFBC}") = "ServiceContracts", "ServiceContracts\ServiceContracts.csproj", "{7908DF4F-05B7-4C6C-AECF-880667368548}"
EndProject
Global
	GlobalSection(SolutionConfigurationPlatforms) = preSolution
		Debug|Any CPU = Debug|Any CPU
		Release|Any CPU = Release|Any CPU
	EndGlobalSection
	GlobalSection(ProjectConfigurationPlatforms) = postSolution
		{D8787B52-1BC5-4696-B479-9826E4E527F0}.Debug|Any CPU.ActiveCfg = Debug|Any CPU
		{D8787B52-1BC5-4696-B479-9826E4E527F0}.Debug|Any CPU.Build.0 = Debug|Any CPU
		{D8787B52-1BC5-4696-B479-9826E4E527F0}.Release|Any CPU.ActiveCfg = Release|Any CPU
		{D8787B52-1BC5-4696-B479-9826E4E527F0}.Release|Any CPU.Build.0 = Release|Any CPU
		{0F52B576-2EBE-482A-B699-DCB8151F269A}.Debug|Any CPU.ActiveCfg = Debug|Any CPU
		{0F52B576-2EBE-482A-B699-DCB8151F269A}.Debug|Any CPU.Build.0 = Debug|Any CPU
		{0F52B576-2EBE-482A-B699-DCB8151F269A}.Release|Any CPU.ActiveCfg = Release|Any CPU
		{0F52B576-2EBE-482A-B699-DCB8151F269A}.Release|Any CPU.Build.0 = Release|Any CPU
		{7908DF4F-05B7-4C6C-AECF-880667368548}.Debug|Any CPU.ActiveCfg = Debug|Any CPU
		{7908DF4F-05B7-4C6C-AECF-880667368548}.Debug|Any CPU.Build.0 = Debug|Any CPU
		{7908DF4F-05B7-4C6C-AECF-880667368548}.Release|Any CPU.ActiveCfg = Release|Any CPU
		{7908DF4F-05B7-4C6C-AECF-880667368548}.Release|Any CPU.Build.0 = Release|Any CPU
	EndGlobalSection
	GlobalSection(SolutionProperties) = preSolution
		HideSolutionNode = FALSE
	EndGlobalSection
	GlobalSection(ExtensibilityGlobals) = postSolution
		SolutionGuid = {51ADB251-FDB3-4BE0-8247-8DBF80BDCF75}
	EndGlobalSection
EndGlobal
